# This file is automatically @generated by Cargo.
# It is not intended for manual editing.
version = 3

[[package]]
name = "bar"
version = "0.1.0"
dependencies = [
 "hax-dep1",
]

[[package]]
name = "foo"
version = "0.1.0"
dependencies = [
 "bar",
]

[[package]]
name = "hax-dep1"
version = "0.1.0"
source = "git+https://github.com/pnmadelaine/hax-dep1#9fb0dc13d03123f106684401642f1cc0c3744930"
dependencies = [
 "hax-dep2",
]

[[package]]
name = "hax-dep2"
version = "0.1.0"
source = "git+https://github.com/pnmadelaine/hax-dep2#3d5db68df103533eb2620bbbd6803f4ac677cad4"
