# This file is automatically @generated by Cargo.
# It is not intended for manual editing.
version = 3

[[package]]
name = "bar"
version = "0.1.0"
dependencies = [
 "hax-dep1",
]

[[package]]
name = "foo"
version = "0.1.0"
dependencies = [
 "bar",
]

[[package]]
name = "hax-dep1"
version = "0.1.0"
source = "git+https://github.com/pnmadelaine/hax-dep1#6bf56a27c01f7f58295d0b645ed72d7d4fc56691"
dependencies = [
 "hax-dep2",
]

[[package]]
name = "hax-dep2"
version = "0.1.0"
source = "git+https://github.com/pnmadelaine/hax-dep2#b0cea67fb89cb9e0278a5ee8ea8afd68e9ff467c"
