# This file is automatically @generated by Cargo.
# It is not intended for manual editing.
version = 3

[[package]]
name = "bar"
version = "0.1.0"
dependencies = [
 "hax-dep1",
]

[[package]]
name = "foo"
version = "0.1.0"
dependencies = [
 "bar",
]

[[package]]
name = "hax-dep1"
version = "0.1.0"
source = "git+https://github.com/pnmadelaine/hax-dep1#6075ed3b9c87ae88bc4a6e5181f47bfe28165132"
dependencies = [
 "hax-dep2",
]

[[package]]
name = "hax-dep2"
version = "0.1.0"
source = "git+https://github.com/pnmadelaine/hax-dep2#02543b086b46de2a929ee566ee3485fa9c8b38a7"
